
Microsoft Visual Studio Solution File, Format Version 12.00
# Visual Studio Version 17
VisualStudioVersion = 17.11.35312.102
MinimumVisualStudioVersion = 10.0.40219.1
Project("{FAE04EC0-301F-11D3-BF4B-00C04F79EFBC}") = "OOPLab9", "OOPLab9\OOPLab9.csproj", "{5229C745-1947-453A-BC47-28DF3C8AFBCF}"
EndProject
Project("{FAE04EC0-301F-11D3-BF4B-00C04F79EFBC}") = "Task2", "Task2\Task2.csproj", "{AB1E21C6-2808-45E3-9CC1-08D018A31264}"
EndProject
Global
	GlobalSection(SolutionConfigurationPlatforms) = preSolution
		Debug|Any CPU = Debug|Any CPU
		Release|Any CPU = Release|Any CPU
	EndGlobalSection
	GlobalSection(ProjectConfigurationPlatforms) = postSolution
		{5229C745-1947-453A-BC47-28DF3C8AFBCF}.Debug|Any CPU.ActiveCfg = Debug|Any CPU
		{5229C745-1947-453A-BC47-28DF3C8AFBCF}.Debug|Any CPU.Build.0 = Debug|Any CPU
		{5229C745-1947-453A-BC47-28DF3C8AFBCF}.Release|Any CPU.ActiveCfg = Release|Any CPU
		{5229C745-1947-453A-BC47-28DF3C8AFBCF}.Release|Any CPU.Build.0 = Release|Any CPU
		{AB1E21C6-2808-45E3-9CC1-08D018A31264}.Debug|Any CPU.ActiveCfg = Debug|Any CPU
		{AB1E21C6-2808-45E3-9CC1-08D018A31264}.Debug|Any CPU.Build.0 = Debug|Any CPU
		{AB1E21C6-2808-45E3-9CC1-08D018A31264}.Release|Any CPU.ActiveCfg = Release|Any CPU
		{AB1E21C6-2808-45E3-9CC1-08D018A31264}.Release|Any CPU.Build.0 = Release|Any CPU
	EndGlobalSection
	GlobalSection(SolutionProperties) = preSolution
		HideSolutionNode = FALSE
	EndGlobalSection
	GlobalSection(ExtensibilityGlobals) = postSolution
		SolutionGuid = {3724C6A3-D2F1-4CEC-B3A6-DC3657A1414B}
	EndGlobalSection
EndGlobal
